
Microsoft Visual Studio Solution File, Format Version 12.00
# Visual Studio Version 17
VisualStudioVersion = 17.10.35013.160
MinimumVisualStudioVersion = 10.0.40219.1
Project("{FAE04EC0-301F-11D3-BF4B-00C04F79EFBC}") = "Examen_Practica", "Examen_Practica\Examen_Practica.csproj", "{9C32DBF9-FAB4-4BDE-94AA-B64508E394D1}"
EndProject
Global
	GlobalSection(SolutionConfigurationPlatforms) = preSolution
		Debug|Any CPU = Debug|Any CPU
		Release|Any CPU = Release|Any CPU
	EndGlobalSection
	GlobalSection(ProjectConfigurationPlatforms) = postSolution
		{9C32DBF9-FAB4-4BDE-94AA-B64508E394D1}.Debug|Any CPU.ActiveCfg = Debug|Any CPU
		{9C32DBF9-FAB4-4BDE-94AA-B64508E394D1}.Debug|Any CPU.Build.0 = Debug|Any CPU
		{9C32DBF9-FAB4-4BDE-94AA-B64508E394D1}.Release|Any CPU.ActiveCfg = Release|Any CPU
		{9C32DBF9-FAB4-4BDE-94AA-B64508E394D1}.Release|Any CPU.Build.0 = Release|Any CPU
	EndGlobalSection
	GlobalSection(SolutionProperties) = preSolution
		HideSolutionNode = FALSE
	EndGlobalSection
	GlobalSection(ExtensibilityGlobals) = postSolution
		SolutionGuid = {922CDCE6-CAB8-442E-8D0D-3ED2A1626491}
	EndGlobalSection
EndGlobal
